
Microsoft Visual Studio Solution File, Format Version 12.00
# Visual Studio Version 17
VisualStudioVersion = 17.12.35521.163 d17.12
MinimumVisualStudioVersion = 10.0.40219.1
Project("{FAE04EC0-301F-11D3-BF4B-00C04F79EFBC}") = "OnsMentalHealth.Api", "OnsMentalHealth.Api\OnsMentalHealth.Api.csproj", "{27546E4E-2773-49BB-A7E1-1968CCD67482}"
EndProject
Project("{FAE04EC0-301F-11D3-BF4B-00C04F79EFBC}") = "OnsMentalHealth.DAl", "OnsMentalHealth.DAl\OnsMentalHealth.DAl.csproj", "{3FDCE9B3-F0D2-4FAF-BB5F-2D2AFBCC5F4E}"
EndProject
Project("{FAE04EC0-301F-11D3-BF4B-00C04F79EFBC}") = "OnsMentalHealth.BLL", "OnsMentalHealth.BLL\OnsMentalHealth.BLL.csproj", "{0C3EEE91-5E5F-426F-B3DA-F96DEAB658C8}"
EndProject
Global
	GlobalSection(SolutionConfigurationPlatforms) = preSolution
		Debug|Any CPU = Debug|Any CPU
		Release|Any CPU = Release|Any CPU
	EndGlobalSection
	GlobalSection(ProjectConfigurationPlatforms) = postSolution
		{27546E4E-2773-49BB-A7E1-1968CCD67482}.Debug|Any CPU.ActiveCfg = Debug|Any CPU
		{27546E4E-2773-49BB-A7E1-1968CCD67482}.Debug|Any CPU.Build.0 = Debug|Any CPU
		{27546E4E-2773-49BB-A7E1-1968CCD67482}.Release|Any CPU.ActiveCfg = Release|Any CPU
		{27546E4E-2773-49BB-A7E1-1968CCD67482}.Release|Any CPU.Build.0 = Release|Any CPU
		{3FDCE9B3-F0D2-4FAF-BB5F-2D2AFBCC5F4E}.Debug|Any CPU.ActiveCfg = Debug|Any CPU
		{3FDCE9B3-F0D2-4FAF-BB5F-2D2AFBCC5F4E}.Debug|Any CPU.Build.0 = Debug|Any CPU
		{3FDCE9B3-F0D2-4FAF-BB5F-2D2AFBCC5F4E}.Release|Any CPU.ActiveCfg = Release|Any CPU
		{3FDCE9B3-F0D2-4FAF-BB5F-2D2AFBCC5F4E}.Release|Any CPU.Build.0 = Release|Any CPU
		{0C3EEE91-5E5F-426F-B3DA-F96DEAB658C8}.Debug|Any CPU.ActiveCfg = Debug|Any CPU
		{0C3EEE91-5E5F-426F-B3DA-F96DEAB658C8}.Debug|Any CPU.Build.0 = Debug|Any CPU
		{0C3EEE91-5E5F-426F-B3DA-F96DEAB658C8}.Release|Any CPU.ActiveCfg = Release|Any CPU
		{0C3EEE91-5E5F-426F-B3DA-F96DEAB658C8}.Release|Any CPU.Build.0 = Release|Any CPU
	EndGlobalSection
	GlobalSection(SolutionProperties) = preSolution
		HideSolutionNode = FALSE
	EndGlobalSection
EndGlobal
